
Microsoft Visual Studio Solution File, Format Version 12.00
# Visual Studio 2013
VisualStudioVersion = 12.0.40629.0
MinimumVisualStudioVersion = 10.0.40219.1
Project("{FAE04EC0-301F-11D3-BF4B-00C04F79EFBC}") = "Deleteme", "Deleteme\Deleteme.csproj", "{D1D7EF1E-992E-4BCE-A96C-17139B14676D}"
EndProject
Project("{2150E333-8FDC-42A3-9474-1A3956D46DE8}") = ".nuget", ".nuget", "{87FBAC91-00A7-465F-97C2-7C28EC64591B}"
	ProjectSection(SolutionItems) = preProject
		.nuget\packages.config = .nuget\packages.config
	EndProjectSection
EndProject
Global
	GlobalSection(SolutionConfigurationPlatforms) = preSolution
		Debug|Any CPU = Debug|Any CPU
		Release|Any CPU = Release|Any CPU
	EndGlobalSection
	GlobalSection(ProjectConfigurationPlatforms) = postSolution
		{D1D7EF1E-992E-4BCE-A96C-17139B14676D}.Debug|Any CPU.ActiveCfg = Debug|Any CPU
		{D1D7EF1E-992E-4BCE-A96C-17139B14676D}.Debug|Any CPU.Build.0 = Debug|Any CPU
		{D1D7EF1E-992E-4BCE-A96C-17139B14676D}.Release|Any CPU.ActiveCfg = Release|Any CPU
		{D1D7EF1E-992E-4BCE-A96C-17139B14676D}.Release|Any CPU.Build.0 = Release|Any CPU
	EndGlobalSection
	GlobalSection(SolutionProperties) = preSolution
		HideSolutionNode = FALSE
	EndGlobalSection
EndGlobal
